
Microsoft Visual Studio Solution File, Format Version 12.00
# Visual Studio 15
VisualStudioVersion = 15.0.27703.2047
MinimumVisualStudioVersion = 10.0.40219.1
Project("{FAE04EC0-301F-11D3-BF4B-00C04F79EFBC}") = "Something.Web", "Something.Web\Something.Web.csproj", "{AB73B6E9-8A0E-4F95-A674-5FFBDF19A9F5}"
EndProject
Global
	GlobalSection(SolutionConfigurationPlatforms) = preSolution
		Debug|Any CPU = Debug|Any CPU
		Release|Any CPU = Release|Any CPU
	EndGlobalSection
	GlobalSection(ProjectConfigurationPlatforms) = postSolution
		{AB73B6E9-8A0E-4F95-A674-5FFBDF19A9F5}.Debug|Any CPU.ActiveCfg = Debug|Any CPU
		{AB73B6E9-8A0E-4F95-A674-5FFBDF19A9F5}.Debug|Any CPU.Build.0 = Debug|Any CPU
		{AB73B6E9-8A0E-4F95-A674-5FFBDF19A9F5}.Release|Any CPU.ActiveCfg = Release|Any CPU
		{AB73B6E9-8A0E-4F95-A674-5FFBDF19A9F5}.Release|Any CPU.Build.0 = Release|Any CPU
	EndGlobalSection
	GlobalSection(SolutionProperties) = preSolution
		HideSolutionNode = FALSE
	EndGlobalSection
	GlobalSection(ExtensibilityGlobals) = postSolution
		SolutionGuid = {8CA67695-FD45-4DAC-9B15-CBA3F2DED214}
	EndGlobalSection
EndGlobal
